{
  "name": "storefront",
  "version": "1.0.0",
  "lockfileVersion": 3,
  "requires": true,
  "packages": {
    "": {
      "name": "storefront",
      "version": "1.0.0",
      "license": "ISC",
      "dependencies": {
        "@teamhanko/hanko-elements": "^0.4.0-alpha",
        "path": "^0.12.7"
      }
    },
    "node_modules/@denysvuika/preact-translate": {
      "version": "0.4.1",
      "resolved": "https://registry.npmjs.org/@denysvuika/preact-translate/-/preact-translate-0.4.1.tgz",
      "integrity": "sha512-JCgTwPd6iq0nD6betffGYT4C2mj+PYLjEPuDcMRny4Nsh4E2W7UHWD8/jHnUyGiDnt0nezqAzP0s/AB+6XMVJg==",
      "peerDependencies": {
        "preact": ">=10.0.0"
      }
    },
    "node_modules/@teamhanko/hanko-elements": {
      "version": "0.4.0-alpha",
      "resolved": "https://registry.npmjs.org/@teamhanko/hanko-elements/-/hanko-elements-0.4.0-alpha.tgz",
      "integrity": "sha512-ePBW5KGg43Boz6e4ob1mb3YoZq2q3XAb0YDRas6tu6Bx64PZ2VHmjG9zGEdnSfFEU8RfZ4YFcOAhJmyKnzgnXg==",
      "dependencies": {
        "@denysvuika/preact-translate": "^0.4.1",
        "@teamhanko/hanko-frontend-sdk": "^0.4.0-alpha",
        "@teamhanko/preact-custom-element": "^4.2.2",
        "classnames": "^2.3.2",
        "preact": "^10.13.1"
      }
    },
    "node_modules/@teamhanko/hanko-frontend-sdk": {
      "version": "0.4.0-alpha",
      "resolved": "https://registry.npmjs.org/@teamhanko/hanko-frontend-sdk/-/hanko-frontend-sdk-0.4.0-alpha.tgz",
      "integrity": "sha512-t9vIihQrMbUB7F20A2WOs7edpXyBf+niL5qON4V5ErQI7HX3a4Fs++tKr97oSJSFhIQLBAvFUaz8v+ZZ6VEZ1A==",
      "dependencies": {
        "@types/js-cookie": "^3.0.3"
      }
    },
    "node_modules/@teamhanko/preact-custom-element": {
      "version": "4.2.2",
      "resolved": "https://registry.npmjs.org/@teamhanko/preact-custom-element/-/preact-custom-element-4.2.2.tgz",
      "integrity": "sha512-3djCQr25IxQIgpidxD8J0fTQ7/hMuoa5Nmv7delQc6sX4kXgv9e/pE01cywpmGZLi69H1KUH4dmZ4cPPJQrsQQ==",
      "peerDependencies": {
        "preact": "10.x"
      }
    },
    "node_modules/@types/js-cookie": {
      "version": "3.0.3",
      "resolved": "https://registry.npmjs.org/@types/js-cookie/-/js-cookie-3.0.3.tgz",
      "integrity": "sha512-Xe7IImK09HP1sv2M/aI+48a20VX+TdRJucfq4vfRVy6nWN8PYPOEnlMRSgxJAgYQIXJVL8dZ4/ilAM7dWNaOww=="
    },
    "node_modules/classnames": {
      "version": "2.3.2",
      "resolved": "https://registry.npmjs.org/classnames/-/classnames-2.3.2.tgz",
      "integrity": "sha512-CSbhY4cFEJRe6/GQzIk5qXZ4Jeg5pcsP7b5peFSDpffpe1cqjASH/n9UTjBwOp6XpMSTwQ8Za2K5V02ueA7Tmw=="
    },
    "node_modules/inherits": {
      "version": "2.0.3",
      "resolved": "https://registry.npmjs.org/inherits/-/inherits-2.0.3.tgz",
      "integrity": "sha512-x00IRNXNy63jwGkJmzPigoySHbaqpNuzKbBOmzK+g2OdZpQ9w+sxCN+VSB3ja7IAge2OP2qpfxTjeNcyjmW1uw=="
    },
    "node_modules/path": {
      "version": "0.12.7",
      "resolved": "https://registry.npmjs.org/path/-/path-0.12.7.tgz",
      "integrity": "sha512-aXXC6s+1w7otVF9UletFkFcDsJeO7lSZBPUQhtb5O0xJe8LtYhj/GxldoL09bBj9+ZmE2hNoHqQSFMN5fikh4Q==",
      "dependencies": {
        "process": "^0.11.1",
        "util": "^0.10.3"
      }
    },
    "node_modules/preact": {
      "version": "10.13.2",
      "resolved": "https://registry.npmjs.org/preact/-/preact-10.13.2.tgz",
      "integrity": "sha512-q44QFLhOhty2Bd0Y46fnYW0gD/cbVM9dUVtNTDKPcdXSMA7jfY+Jpd6rk3GB0lcQss0z5s/6CmVP0Z/hV+g6pw==",
      "funding": {
        "type": "opencollective",
        "url": "https://opencollective.com/preact"
      }
    },
    "node_modules/process": {
      "version": "0.11.10",
      "resolved": "https://registry.npmjs.org/process/-/process-0.11.10.tgz",
      "integrity": "sha512-cdGef/drWFoydD1JsMzuFf8100nZl+GT+yacc2bEced5f9Rjk4z+WtFUTBu9PhOi9j/jfmBPu0mMEY4wIdAF8A==",
      "engines": {
        "node": ">= 0.6.0"
      }
    },
    "node_modules/util": {
      "version": "0.10.4",
      "resolved": "https://registry.npmjs.org/util/-/util-0.10.4.tgz",
      "integrity": "sha512-0Pm9hTQ3se5ll1XihRic3FDIku70C+iHUdT/W926rSgHV5QgXsYbKZN8MSC3tJtSkhuROzvsQjAaFENRXr+19A==",
      "dependencies": {
        "inherits": "2.0.3"
      }
    }
  }
}
